
Microsoft Visual Studio Solution File, Format Version 12.00
# Visual Studio Version 17
VisualStudioVersion = 17.0.31903.59
MinimumVisualStudioVersion = 10.0.40219.1
Project("{9A19103F-16F7-4668-BE54-9A1E7A4F7556}") = "Shared.Kernel", "Shared\Shared.Kernel\Shared.Kernel.csproj", "{ED9484BA-3B04-5EF1-B3F7-B9DAFFB3FF2C}"
EndProject
Project("{9A19103F-16F7-4668-BE54-9A1E7A4F7556}") = "Master.Entity", "Api\Master\Master.Entity\Master.Entity.csproj", "{9B2DF8B3-EEA6-5DF1-B51E-18CE52004661}"
EndProject
Project("{9A19103F-16F7-4668-BE54-9A1E7A4F7556}") = "Master.Repository", "Api\Master\Master.Repository\Master.Repository.csproj", "{8AA48A84-A417-5F59-9C1F-94047570E88E}"
EndProject
Project("{9A19103F-16F7-4668-BE54-9A1E7A4F7556}") = "Master.Api", "Api\Master\Master.Api\Master.Api.csproj", "{96C529FF-9154-5501-9EBD-2C6BCE79697C}"
EndProject
Project("{9A19103F-16F7-4668-BE54-9A1E7A4F7556}") = "Customer.Entity", "Api\Customer\Customer.Entity\Customer.Entity.csproj", "{FE33B8C5-05CA-5F95-B1ED-4B6644086AE2}"
EndProject
Project("{9A19103F-16F7-4668-BE54-9A1E7A4F7556}") = "Customer.Repository", "Api\Customer\Customer.Repository\Customer.Repository.csproj", "{27CC46F7-92C4-5C48-A293-F803964F4403}"
EndProject
Project("{9A19103F-16F7-4668-BE54-9A1E7A4F7556}") = "Customer.Api", "Api\Customer\Customer.Api\Customer.Api.csproj", "{D47691C4-EC2C-5DFB-8800-121DE9BEDE0B}"
EndProject
Project("{9A19103F-16F7-4668-BE54-9A1E7A4F7556}") = "Inventory.Entity", "Api\Inventory\Inventory.Entity\Inventory.Entity.csproj", "{17D9AB6D-7E5F-5F91-A23C-3896ED8DFC8A}"
EndProject
Project("{9A19103F-16F7-4668-BE54-9A1E7A4F7556}") = "Inventory.Repository", "Api\Inventory\Inventory.Repository\Inventory.Repository.csproj", "{B6B16E5B-6924-58F9-9859-3CB1A4580405}"
EndProject
Project("{9A19103F-16F7-4668-BE54-9A1E7A4F7556}") = "Inventory.Api", "Api\Inventory\Inventory.Api\Inventory.Api.csproj", "{4E6EB07D-C445-5BAD-81BB-1951B05266AC}"
EndProject
Project("{9A19103F-16F7-4668-BE54-9A1E7A4F7556}") = "Sales.Entity", "Api\Sales\Sales.Entity\Sales.Entity.csproj", "{0BB908E2-CE02-56A5-929F-3EA5C5220A47}"
EndProject
Project("{9A19103F-16F7-4668-BE54-9A1E7A4F7556}") = "Sales.Repository", "Api\Sales\Sales.Repository\Sales.Repository.csproj", "{79323730-7C0A-5179-8594-A4245C3FDB04}"
EndProject
Project("{9A19103F-16F7-4668-BE54-9A1E7A4F7556}") = "Sales.Api", "Api\Sales\Sales.Api\Sales.Api.csproj", "{D3D827C2-DB98-5FD0-B38D-259426AA0EE5}"
EndProject
Project("{9A19103F-16F7-4668-BE54-9A1E7A4F7556}") = "Purchase.Entity", "Api\Purchase\Purchase.Entity\Purchase.Entity.csproj", "{7E1E4C5E-9E37-58AC-AB10-39E4799A04C4}"
EndProject
Project("{9A19103F-16F7-4668-BE54-9A1E7A4F7556}") = "Purchase.Repository", "Api\Purchase\Purchase.Repository\Purchase.Repository.csproj", "{297180FC-DD9D-5ED1-A6C2-6E2784DC0780}"
EndProject
Project("{9A19103F-16F7-4668-BE54-9A1E7A4F7556}") = "Purchase.Api", "Api\Purchase\Purchase.Api\Purchase.Api.csproj", "{257DBD62-C4DA-5CBB-A9D5-402105C34540}"
EndProject
Project("{9A19103F-16F7-4668-BE54-9A1E7A4F7556}") = "Accounting.Entity", "Api\Accounting\Accounting.Entity\Accounting.Entity.csproj", "{6FA7B63E-629E-50B5-97B6-F8D23EF0BA96}"
EndProject
Project("{9A19103F-16F7-4668-BE54-9A1E7A4F7556}") = "Accounting.Repository", "Api\Accounting\Accounting.Repository\Accounting.Repository.csproj", "{3F049DFD-10ED-5574-AB6C-FC4CC20B5018}"
EndProject
Project("{9A19103F-16F7-4668-BE54-9A1E7A4F7556}") = "Accounting.Api", "Api\Accounting\Accounting.Api\Accounting.Api.csproj", "{1587E4A9-B988-5365-86CB-797492B0B2E3}"
EndProject
Project("{9A19103F-16F7-4668-BE54-9A1E7A4F7556}") = "Reporting.Entity", "Api\Reporting\Reporting.Entity\Reporting.Entity.csproj", "{23994A9C-6AFC-5498-91AD-F7FBE1C0FE29}"
EndProject
Project("{9A19103F-16F7-4668-BE54-9A1E7A4F7556}") = "Reporting.Repository", "Api\Reporting\Reporting.Repository\Reporting.Repository.csproj", "{7CBEF6E2-A3B0-5BA9-B637-CCC369F2B48B}"
EndProject
Project("{9A19103F-16F7-4668-BE54-9A1E7A4F7556}") = "Reporting.Api", "Api\Reporting\Reporting.Api\Reporting.Api.csproj", "{331CF046-2B5D-59DD-8363-D3006345F1A5}"
EndProject
Project("{9A19103F-16F7-4668-BE54-9A1E7A4F7556}") = "Notification.Worker", "Worker\Notification.Worker\Notification.Worker.csproj", "{6664246C-6C16-5DFC-8C2E-E3FDE3826FE0}"
EndProject
Project("{9A19103F-16F7-4668-BE54-9A1E7A4F7556}") = "CostingEngine.Worker", "Worker\CostingEngine.Worker\CostingEngine.Worker.csproj", "{1B0703D7-ADD0-5897-A43C-C4BC7F5D2FB5}"
EndProject
Project("{9A19103F-16F7-4668-BE54-9A1E7A4F7556}") = "RateSync.Worker", "Worker\RateSync.Worker\RateSync.Worker.csproj", "{799B7B38-B069-5DA1-B7AE-65F91AA4490D}"
EndProject
Project("{9A19103F-16F7-4668-BE54-9A1E7A4F7556}") = "Gateway", "Gateway\Gateway.Api\Gateway.Api.csproj", "{7A244E29-6F9B-535B-967D-FF69A148E10D}"
EndProject
Project("{2150E333-8FDC-42A3-9474-1A3956D46DE8}") = "Api", "Api", "{26B7A075-AD2D-5C62-A5B1-FC519E9BEFC9}"
EndProject
Project("{2150E333-8FDC-42A3-9474-1A3956D46DE8}") = "shared", "shared", "{AD155F54-BBA9-5E0C-A34F-F368D5073ABB}"
EndProject
Project("{2150E333-8FDC-42A3-9474-1A3956D46DE8}") = "worker", "worker", "{461965E9-D4A8-561F-A1C8-FE6C854E87EF}"
EndProject
Project("{2150E333-8FDC-42A3-9474-1A3956D46DE8}") = "tests", "tests", "{5C1A8D42-9E33-5AB7-B0D1-7F2E4C6A9B01}"
EndProject
Project("{2150E333-8FDC-42A3-9474-1A3956D46DE8}") = "Master", "Master", "{9B0A6EE0-1CC0-55BA-90C2-D44050A66B06}"
EndProject
Project("{2150E333-8FDC-42A3-9474-1A3956D46DE8}") = "Customer", "Customer", "{B41859E3-D631-5E1A-82F3-07C7FF5B0276}"
EndProject
Project("{2150E333-8FDC-42A3-9474-1A3956D46DE8}") = "Inventory", "Inventory", "{945EC926-2C9F-56EB-A249-1094C6FBADD3}"
EndProject
Project("{2150E333-8FDC-42A3-9474-1A3956D46DE8}") = "Sales", "Sales", "{7E24E985-58C6-5020-8445-9AFB88C28841}"
EndProject
Project("{2150E333-8FDC-42A3-9474-1A3956D46DE8}") = "Purchase", "Purchase", "{B88DC64C-B62C-5033-913B-798E038B8FF0}"
EndProject
Project("{2150E333-8FDC-42A3-9474-1A3956D46DE8}") = "Accounting", "Accounting", "{7CA37504-2860-5456-82CC-DA01CD369072}"
EndProject
Project("{2150E333-8FDC-42A3-9474-1A3956D46DE8}") = "Reporting", "Reporting", "{E006E63A-52AE-5402-9286-ECECC33148B1}"
EndProject
Project("{9A19103F-16F7-4668-BE54-9A1E7A4F7556}") = "Gateway.Entity", "Gateway\Gateway.Entity\Gateway.Entity.csproj", "{3F1B9E20-7C4A-4D51-9A63-1E5C2B8D4A01}"
EndProject
Project("{9A19103F-16F7-4668-BE54-9A1E7A4F7556}") = "Gateway.Repository", "Gateway\Gateway.Repository\Gateway.Repository.csproj", "{3F1B9E20-7C4A-4D51-9A63-1E5C2B8D4A02}"
EndProject
Project("{9A19103F-16F7-4668-BE54-9A1E7A4F7556}") = "Shared.Kernel.Tests", "Tests\Shared.Kernel.Tests\Shared.Kernel.Tests.csproj", "{5C1A8D42-9E33-5AB7-B0D1-7F2E4C6A9B02}"
EndProject
Project("{FAE04EC0-301F-11D3-BF4B-00C04F79EFBC}") = "Inventory.Api.Tests", "Tests\Inventory.Api.Tests\Inventory.Api.Tests.csproj", "{A611876E-59A6-43F4-9C3B-4EE77AA704AC}"
EndProject
Project("{FAE04EC0-301F-11D3-BF4B-00C04F79EFBC}") = "Accounting.Api.Tests", "Tests\Accounting.Api.Tests\Accounting.Api.Tests.csproj", "{EA06E7A7-24CE-411C-AD00-77F1F67C9B01}"
EndProject
Project("{FAE04EC0-301F-11D3-BF4B-00C04F79EFBC}") = "Purchase.Api.Tests", "Tests\Purchase.Api.Tests\Purchase.Api.Tests.csproj", "{3793D6CB-73D8-4BBE-884F-AF3473FDB04C}"
EndProject
Global
	GlobalSection(SolutionConfigurationPlatforms) = preSolution
		Debug|Any CPU = Debug|Any CPU
		Debug|x64 = Debug|x64
		Debug|x86 = Debug|x86
		Release|Any CPU = Release|Any CPU
		Release|x64 = Release|x64
		Release|x86 = Release|x86
	EndGlobalSection
	GlobalSection(ProjectConfigurationPlatforms) = postSolution
		{ED9484BA-3B04-5EF1-B3F7-B9DAFFB3FF2C}.Debug|Any CPU.ActiveCfg = Debug|Any CPU
		{ED9484BA-3B04-5EF1-B3F7-B9DAFFB3FF2C}.Debug|Any CPU.Build.0 = Debug|Any CPU
		{ED9484BA-3B04-5EF1-B3F7-B9DAFFB3FF2C}.Debug|x64.ActiveCfg = Debug|Any CPU
		{ED9484BA-3B04-5EF1-B3F7-B9DAFFB3FF2C}.Debug|x64.Build.0 = Debug|Any CPU
		{ED9484BA-3B04-5EF1-B3F7-B9DAFFB3FF2C}.Debug|x86.ActiveCfg = Debug|Any CPU
		{ED9484BA-3B04-5EF1-B3F7-B9DAFFB3FF2C}.Debug|x86.Build.0 = Debug|Any CPU
		{ED9484BA-3B04-5EF1-B3F7-B9DAFFB3FF2C}.Release|Any CPU.ActiveCfg = Release|Any CPU
		{ED9484BA-3B04-5EF1-B3F7-B9DAFFB3FF2C}.Release|Any CPU.Build.0 = Release|Any CPU
		{ED9484BA-3B04-5EF1-B3F7-B9DAFFB3FF2C}.Release|x64.ActiveCfg = Release|Any CPU
		{ED9484BA-3B04-5EF1-B3F7-B9DAFFB3FF2C}.Release|x64.Build.0 = Release|Any CPU
		{ED9484BA-3B04-5EF1-B3F7-B9DAFFB3FF2C}.Release|x86.ActiveCfg = Release|Any CPU
		{ED9484BA-3B04-5EF1-B3F7-B9DAFFB3FF2C}.Release|x86.Build.0 = Release|Any CPU
		{9B2DF8B3-EEA6-5DF1-B51E-18CE52004661}.Debug|Any CPU.ActiveCfg = Debug|Any CPU
		{9B2DF8B3-EEA6-5DF1-B51E-18CE52004661}.Debug|Any CPU.Build.0 = Debug|Any CPU
		{9B2DF8B3-EEA6-5DF1-B51E-18CE52004661}.Debug|x64.ActiveCfg = Debug|Any CPU
		{9B2DF8B3-EEA6-5DF1-B51E-18CE52004661}.Debug|x64.Build.0 = Debug|Any CPU
		{9B2DF8B3-EEA6-5DF1-B51E-18CE52004661}.Debug|x86.ActiveCfg = Debug|Any CPU
		{9B2DF8B3-EEA6-5DF1-B51E-18CE52004661}.Debug|x86.Build.0 = Debug|Any CPU
		{9B2DF8B3-EEA6-5DF1-B51E-18CE52004661}.Release|Any CPU.ActiveCfg = Release|Any CPU
		{9B2DF8B3-EEA6-5DF1-B51E-18CE52004661}.Release|Any CPU.Build.0 = Release|Any CPU
		{9B2DF8B3-EEA6-5DF1-B51E-18CE52004661}.Release|x64.ActiveCfg = Release|Any CPU
		{9B2DF8B3-EEA6-5DF1-B51E-18CE52004661}.Release|x64.Build.0 = Release|Any CPU
		{9B2DF8B3-EEA6-5DF1-B51E-18CE52004661}.Release|x86.ActiveCfg = Release|Any CPU
		{9B2DF8B3-EEA6-5DF1-B51E-18CE52004661}.Release|x86.Build.0 = Release|Any CPU
		{8AA48A84-A417-5F59-9C1F-94047570E88E}.Debug|Any CPU.ActiveCfg = Debug|Any CPU
		{8AA48A84-A417-5F59-9C1F-94047570E88E}.Debug|Any CPU.Build.0 = Debug|Any CPU
		{8AA48A84-A417-5F59-9C1F-94047570E88E}.Debug|x64.ActiveCfg = Debug|Any CPU
		{8AA48A84-A417-5F59-9C1F-94047570E88E}.Debug|x64.Build.0 = Debug|Any CPU
		{8AA48A84-A417-5F59-9C1F-94047570E88E}.Debug|x86.ActiveCfg = Debug|Any CPU
		{8AA48A84-A417-5F59-9C1F-94047570E88E}.Debug|x86.Build.0 = Debug|Any CPU
		{8AA48A84-A417-5F59-9C1F-94047570E88E}.Release|Any CPU.ActiveCfg = Release|Any CPU
		{8AA48A84-A417-5F59-9C1F-94047570E88E}.Release|Any CPU.Build.0 = Release|Any CPU
		{8AA48A84-A417-5F59-9C1F-94047570E88E}.Release|x64.ActiveCfg = Release|Any CPU
		{8AA48A84-A417-5F59-9C1F-94047570E88E}.Release|x64.Build.0 = Release|Any CPU
		{8AA48A84-A417-5F59-9C1F-94047570E88E}.Release|x86.ActiveCfg = Release|Any CPU
		{8AA48A84-A417-5F59-9C1F-94047570E88E}.Release|x86.Build.0 = Release|Any CPU
		{96C529FF-9154-5501-9EBD-2C6BCE79697C}.Debug|Any CPU.ActiveCfg = Debug|Any CPU
		{96C529FF-9154-5501-9EBD-2C6BCE79697C}.Debug|Any CPU.Build.0 = Debug|Any CPU
		{96C529FF-9154-5501-9EBD-2C6BCE79697C}.Debug|x64.ActiveCfg = Debug|Any CPU
		{96C529FF-9154-5501-9EBD-2C6BCE79697C}.Debug|x64.Build.0 = Debug|Any CPU
		{96C529FF-9154-5501-9EBD-2C6BCE79697C}.Debug|x86.ActiveCfg = Debug|Any CPU
		{96C529FF-9154-5501-9EBD-2C6BCE79697C}.Debug|x86.Build.0 = Debug|Any CPU
		{96C529FF-9154-5501-9EBD-2C6BCE79697C}.Release|Any CPU.ActiveCfg = Release|Any CPU
		{96C529FF-9154-5501-9EBD-2C6BCE79697C}.Release|Any CPU.Build.0 = Release|Any CPU
		{96C529FF-9154-5501-9EBD-2C6BCE79697C}.Release|x64.ActiveCfg = Release|Any CPU
		{96C529FF-9154-5501-9EBD-2C6BCE79697C}.Release|x64.Build.0 = Release|Any CPU
		{96C529FF-9154-5501-9EBD-2C6BCE79697C}.Release|x86.ActiveCfg = Release|Any CPU
		{96C529FF-9154-5501-9EBD-2C6BCE79697C}.Release|x86.Build.0 = Release|Any CPU
		{FE33B8C5-05CA-5F95-B1ED-4B6644086AE2}.Debug|Any CPU.ActiveCfg = Debug|Any CPU
		{FE33B8C5-05CA-5F95-B1ED-4B6644086AE2}.Debug|Any CPU.Build.0 = Debug|Any CPU
		{FE33B8C5-05CA-5F95-B1ED-4B6644086AE2}.Debug|x64.ActiveCfg = Debug|Any CPU
		{FE33B8C5-05CA-5F95-B1ED-4B6644086AE2}.Debug|x64.Build.0 = Debug|Any CPU
		{FE33B8C5-05CA-5F95-B1ED-4B6644086AE2}.Debug|x86.ActiveCfg = Debug|Any CPU
		{FE33B8C5-05CA-5F95-B1ED-4B6644086AE2}.Debug|x86.Build.0 = Debug|Any CPU
		{FE33B8C5-05CA-5F95-B1ED-4B6644086AE2}.Release|Any CPU.ActiveCfg = Release|Any CPU
		{FE33B8C5-05CA-5F95-B1ED-4B6644086AE2}.Release|Any CPU.Build.0 = Release|Any CPU
		{FE33B8C5-05CA-5F95-B1ED-4B6644086AE2}.Release|x64.ActiveCfg = Release|Any CPU
		{FE33B8C5-05CA-5F95-B1ED-4B6644086AE2}.Release|x64.Build.0 = Release|Any CPU
		{FE33B8C5-05CA-5F95-B1ED-4B6644086AE2}.Release|x86.ActiveCfg = Release|Any CPU
		{FE33B8C5-05CA-5F95-B1ED-4B6644086AE2}.Release|x86.Build.0 = Release|Any CPU
		{27CC46F7-92C4-5C48-A293-F803964F4403}.Debug|Any CPU.ActiveCfg = Debug|Any CPU
		{27CC46F7-92C4-5C48-A293-F803964F4403}.Debug|Any CPU.Build.0 = Debug|Any CPU
		{27CC46F7-92C4-5C48-A293-F803964F4403}.Debug|x64.ActiveCfg = Debug|Any CPU
		{27CC46F7-92C4-5C48-A293-F803964F4403}.Debug|x64.Build.0 = Debug|Any CPU
		{27CC46F7-92C4-5C48-A293-F803964F4403}.Debug|x86.ActiveCfg = Debug|Any CPU
		{27CC46F7-92C4-5C48-A293-F803964F4403}.Debug|x86.Build.0 = Debug|Any CPU
		{27CC46F7-92C4-5C48-A293-F803964F4403}.Release|Any CPU.ActiveCfg = Release|Any CPU
		{27CC46F7-92C4-5C48-A293-F803964F4403}.Release|Any CPU.Build.0 = Release|Any CPU
		{27CC46F7-92C4-5C48-A293-F803964F4403}.Release|x64.ActiveCfg = Release|Any CPU
		{27CC46F7-92C4-5C48-A293-F803964F4403}.Release|x64.Build.0 = Release|Any CPU
		{27CC46F7-92C4-5C48-A293-F803964F4403}.Release|x86.ActiveCfg = Release|Any CPU
		{27CC46F7-92C4-5C48-A293-F803964F4403}.Release|x86.Build.0 = Release|Any CPU
		{D47691C4-EC2C-5DFB-8800-121DE9BEDE0B}.Debug|Any CPU.ActiveCfg = Debug|Any CPU
		{D47691C4-EC2C-5DFB-8800-121DE9BEDE0B}.Debug|Any CPU.Build.0 = Debug|Any CPU
		{D47691C4-EC2C-5DFB-8800-121DE9BEDE0B}.Debug|x64.ActiveCfg = Debug|Any CPU
		{D47691C4-EC2C-5DFB-8800-121DE9BEDE0B}.Debug|x64.Build.0 = Debug|Any CPU
		{D47691C4-EC2C-5DFB-8800-121DE9BEDE0B}.Debug|x86.ActiveCfg = Debug|Any CPU
		{D47691C4-EC2C-5DFB-8800-121DE9BEDE0B}.Debug|x86.Build.0 = Debug|Any CPU
		{D47691C4-EC2C-5DFB-8800-121DE9BEDE0B}.Release|Any CPU.ActiveCfg = Release|Any CPU
		{D47691C4-EC2C-5DFB-8800-121DE9BEDE0B}.Release|Any CPU.Build.0 = Release|Any CPU
		{D47691C4-EC2C-5DFB-8800-121DE9BEDE0B}.Release|x64.ActiveCfg = Release|Any CPU
		{D47691C4-EC2C-5DFB-8800-121DE9BEDE0B}.Release|x64.Build.0 = Release|Any CPU
		{D47691C4-EC2C-5DFB-8800-121DE9BEDE0B}.Release|x86.ActiveCfg = Release|Any CPU
		{D47691C4-EC2C-5DFB-8800-121DE9BEDE0B}.Release|x86.Build.0 = Release|Any CPU
		{17D9AB6D-7E5F-5F91-A23C-3896ED8DFC8A}.Debug|Any CPU.ActiveCfg = Debug|Any CPU
		{17D9AB6D-7E5F-5F91-A23C-3896ED8DFC8A}.Debug|Any CPU.Build.0 = Debug|Any CPU
		{17D9AB6D-7E5F-5F91-A23C-3896ED8DFC8A}.Debug|x64.ActiveCfg = Debug|Any CPU
		{17D9AB6D-7E5F-5F91-A23C-3896ED8DFC8A}.Debug|x64.Build.0 = Debug|Any CPU
		{17D9AB6D-7E5F-5F91-A23C-3896ED8DFC8A}.Debug|x86.ActiveCfg = Debug|Any CPU
		{17D9AB6D-7E5F-5F91-A23C-3896ED8DFC8A}.Debug|x86.Build.0 = Debug|Any CPU
		{17D9AB6D-7E5F-5F91-A23C-3896ED8DFC8A}.Release|Any CPU.ActiveCfg = Release|Any CPU
		{17D9AB6D-7E5F-5F91-A23C-3896ED8DFC8A}.Release|Any CPU.Build.0 = Release|Any CPU
		{17D9AB6D-7E5F-5F91-A23C-3896ED8DFC8A}.Release|x64.ActiveCfg = Release|Any CPU
		{17D9AB6D-7E5F-5F91-A23C-3896ED8DFC8A}.Release|x64.Build.0 = Release|Any CPU
		{17D9AB6D-7E5F-5F91-A23C-3896ED8DFC8A}.Release|x86.ActiveCfg = Release|Any CPU
		{17D9AB6D-7E5F-5F91-A23C-3896ED8DFC8A}.Release|x86.Build.0 = Release|Any CPU
		{B6B16E5B-6924-58F9-9859-3CB1A4580405}.Debug|Any CPU.ActiveCfg = Debug|Any CPU
		{B6B16E5B-6924-58F9-9859-3CB1A4580405}.Debug|Any CPU.Build.0 = Debug|Any CPU
		{B6B16E5B-6924-58F9-9859-3CB1A4580405}.Debug|x64.ActiveCfg = Debug|Any CPU
		{B6B16E5B-6924-58F9-9859-3CB1A4580405}.Debug|x64.Build.0 = Debug|Any CPU
		{B6B16E5B-6924-58F9-9859-3CB1A4580405}.Debug|x86.ActiveCfg = Debug|Any CPU
		{B6B16E5B-6924-58F9-9859-3CB1A4580405}.Debug|x86.Build.0 = Debug|Any CPU
		{B6B16E5B-6924-58F9-9859-3CB1A4580405}.Release|Any CPU.ActiveCfg = Release|Any CPU
		{B6B16E5B-6924-58F9-9859-3CB1A4580405}.Release|Any CPU.Build.0 = Release|Any CPU
		{B6B16E5B-6924-58F9-9859-3CB1A4580405}.Release|x64.ActiveCfg = Release|Any CPU
		{B6B16E5B-6924-58F9-9859-3CB1A4580405}.Release|x64.Build.0 = Release|Any CPU
		{B6B16E5B-6924-58F9-9859-3CB1A4580405}.Release|x86.ActiveCfg = Release|Any CPU
		{B6B16E5B-6924-58F9-9859-3CB1A4580405}.Release|x86.Build.0 = Release|Any CPU
		{4E6EB07D-C445-5BAD-81BB-1951B05266AC}.Debug|Any CPU.ActiveCfg = Debug|Any CPU
		{4E6EB07D-C445-5BAD-81BB-1951B05266AC}.Debug|Any CPU.Build.0 = Debug|Any CPU
		{4E6EB07D-C445-5BAD-81BB-1951B05266AC}.Debug|x64.ActiveCfg = Debug|Any CPU
		{4E6EB07D-C445-5BAD-81BB-1951B05266AC}.Debug|x64.Build.0 = Debug|Any CPU
		{4E6EB07D-C445-5BAD-81BB-1951B05266AC}.Debug|x86.ActiveCfg = Debug|Any CPU
		{4E6EB07D-C445-5BAD-81BB-1951B05266AC}.Debug|x86.Build.0 = Debug|Any CPU
		{4E6EB07D-C445-5BAD-81BB-1951B05266AC}.Release|Any CPU.ActiveCfg = Release|Any CPU
		{4E6EB07D-C445-5BAD-81BB-1951B05266AC}.Release|Any CPU.Build.0 = Release|Any CPU
		{4E6EB07D-C445-5BAD-81BB-1951B05266AC}.Release|x64.ActiveCfg = Release|Any CPU
		{4E6EB07D-C445-5BAD-81BB-1951B05266AC}.Release|x64.Build.0 = Release|Any CPU
		{4E6EB07D-C445-5BAD-81BB-1951B05266AC}.Release|x86.ActiveCfg = Release|Any CPU
		{4E6EB07D-C445-5BAD-81BB-1951B05266AC}.Release|x86.Build.0 = Release|Any CPU
		{0BB908E2-CE02-56A5-929F-3EA5C5220A47}.Debug|Any CPU.ActiveCfg = Debug|Any CPU
		{0BB908E2-CE02-56A5-929F-3EA5C5220A47}.Debug|Any CPU.Build.0 = Debug|Any CPU
		{0BB908E2-CE02-56A5-929F-3EA5C5220A47}.Debug|x64.ActiveCfg = Debug|Any CPU
		{0BB908E2-CE02-56A5-929F-3EA5C5220A47}.Debug|x64.Build.0 = Debug|Any CPU
		{0BB908E2-CE02-56A5-929F-3EA5C5220A47}.Debug|x86.ActiveCfg = Debug|Any CPU
		{0BB908E2-CE02-56A5-929F-3EA5C5220A47}.Debug|x86.Build.0 = Debug|Any CPU
		{0BB908E2-CE02-56A5-929F-3EA5C5220A47}.Release|Any CPU.ActiveCfg = Release|Any CPU
		{0BB908E2-CE02-56A5-929F-3EA5C5220A47}.Release|Any CPU.Build.0 = Release|Any CPU
		{0BB908E2-CE02-56A5-929F-3EA5C5220A47}.Release|x64.ActiveCfg = Release|Any CPU
		{0BB908E2-CE02-56A5-929F-3EA5C5220A47}.Release|x64.Build.0 = Release|Any CPU
		{0BB908E2-CE02-56A5-929F-3EA5C5220A47}.Release|x86.ActiveCfg = Release|Any CPU
		{0BB908E2-CE02-56A5-929F-3EA5C5220A47}.Release|x86.Build.0 = Release|Any CPU
		{79323730-7C0A-5179-8594-A4245C3FDB04}.Debug|Any CPU.ActiveCfg = Debug|Any CPU
		{79323730-7C0A-5179-8594-A4245C3FDB04}.Debug|Any CPU.Build.0 = Debug|Any CPU
		{79323730-7C0A-5179-8594-A4245C3FDB04}.Debug|x64.ActiveCfg = Debug|Any CPU
		{79323730-7C0A-5179-8594-A4245C3FDB04}.Debug|x64.Build.0 = Debug|Any CPU
		{79323730-7C0A-5179-8594-A4245C3FDB04}.Debug|x86.ActiveCfg = Debug|Any CPU
		{79323730-7C0A-5179-8594-A4245C3FDB04}.Debug|x86.Build.0 = Debug|Any CPU
		{79323730-7C0A-5179-8594-A4245C3FDB04}.Release|Any CPU.ActiveCfg = Release|Any CPU
		{79323730-7C0A-5179-8594-A4245C3FDB04}.Release|Any CPU.Build.0 = Release|Any CPU
		{79323730-7C0A-5179-8594-A4245C3FDB04}.Release|x64.ActiveCfg = Release|Any CPU
		{79323730-7C0A-5179-8594-A4245C3FDB04}.Release|x64.Build.0 = Release|Any CPU
		{79323730-7C0A-5179-8594-A4245C3FDB04}.Release|x86.ActiveCfg = Release|Any CPU
		{79323730-7C0A-5179-8594-A4245C3FDB04}.Release|x86.Build.0 = Release|Any CPU
		{D3D827C2-DB98-5FD0-B38D-259426AA0EE5}.Debug|Any CPU.ActiveCfg = Debug|Any CPU
		{D3D827C2-DB98-5FD0-B38D-259426AA0EE5}.Debug|Any CPU.Build.0 = Debug|Any CPU
		{D3D827C2-DB98-5FD0-B38D-259426AA0EE5}.Debug|x64.ActiveCfg = Debug|Any CPU
		{D3D827C2-DB98-5FD0-B38D-259426AA0EE5}.Debug|x64.Build.0 = Debug|Any CPU
		{D3D827C2-DB98-5FD0-B38D-259426AA0EE5}.Debug|x86.ActiveCfg = Debug|Any CPU
		{D3D827C2-DB98-5FD0-B38D-259426AA0EE5}.Debug|x86.Build.0 = Debug|Any CPU
		{D3D827C2-DB98-5FD0-B38D-259426AA0EE5}.Release|Any CPU.ActiveCfg = Release|Any CPU
		{D3D827C2-DB98-5FD0-B38D-259426AA0EE5}.Release|Any CPU.Build.0 = Release|Any CPU
		{D3D827C2-DB98-5FD0-B38D-259426AA0EE5}.Release|x64.ActiveCfg = Release|Any CPU
		{D3D827C2-DB98-5FD0-B38D-259426AA0EE5}.Release|x64.Build.0 = Release|Any CPU
		{D3D827C2-DB98-5FD0-B38D-259426AA0EE5}.Release|x86.ActiveCfg = Release|Any CPU
		{D3D827C2-DB98-5FD0-B38D-259426AA0EE5}.Release|x86.Build.0 = Release|Any CPU
		{7E1E4C5E-9E37-58AC-AB10-39E4799A04C4}.Debug|Any CPU.ActiveCfg = Debug|Any CPU
		{7E1E4C5E-9E37-58AC-AB10-39E4799A04C4}.Debug|Any CPU.Build.0 = Debug|Any CPU
		{7E1E4C5E-9E37-58AC-AB10-39E4799A04C4}.Debug|x64.ActiveCfg = Debug|Any CPU
		{7E1E4C5E-9E37-58AC-AB10-39E4799A04C4}.Debug|x64.Build.0 = Debug|Any CPU
		{7E1E4C5E-9E37-58AC-AB10-39E4799A04C4}.Debug|x86.ActiveCfg = Debug|Any CPU
		{7E1E4C5E-9E37-58AC-AB10-39E4799A04C4}.Debug|x86.Build.0 = Debug|Any CPU
		{7E1E4C5E-9E37-58AC-AB10-39E4799A04C4}.Release|Any CPU.ActiveCfg = Release|Any CPU
		{7E1E4C5E-9E37-58AC-AB10-39E4799A04C4}.Release|Any CPU.Build.0 = Release|Any CPU
		{7E1E4C5E-9E37-58AC-AB10-39E4799A04C4}.Release|x64.ActiveCfg = Release|Any CPU
		{7E1E4C5E-9E37-58AC-AB10-39E4799A04C4}.Release|x64.Build.0 = Release|Any CPU
		{7E1E4C5E-9E37-58AC-AB10-39E4799A04C4}.Release|x86.ActiveCfg = Release|Any CPU
		{7E1E4C5E-9E37-58AC-AB10-39E4799A04C4}.Release|x86.Build.0 = Release|Any CPU
		{297180FC-DD9D-5ED1-A6C2-6E2784DC0780}.Debug|Any CPU.ActiveCfg = Debug|Any CPU
		{297180FC-DD9D-5ED1-A6C2-6E2784DC0780}.Debug|Any CPU.Build.0 = Debug|Any CPU
		{297180FC-DD9D-5ED1-A6C2-6E2784DC0780}.Debug|x64.ActiveCfg = Debug|Any CPU
		{297180FC-DD9D-5ED1-A6C2-6E2784DC0780}.Debug|x64.Build.0 = Debug|Any CPU
		{297180FC-DD9D-5ED1-A6C2-6E2784DC0780}.Debug|x86.ActiveCfg = Debug|Any CPU
		{297180FC-DD9D-5ED1-A6C2-6E2784DC0780}.Debug|x86.Build.0 = Debug|Any CPU
		{297180FC-DD9D-5ED1-A6C2-6E2784DC0780}.Release|Any CPU.ActiveCfg = Release|Any CPU
		{297180FC-DD9D-5ED1-A6C2-6E2784DC0780}.Release|Any CPU.Build.0 = Release|Any CPU
		{297180FC-DD9D-5ED1-A6C2-6E2784DC0780}.Release|x64.ActiveCfg = Release|Any CPU
		{297180FC-DD9D-5ED1-A6C2-6E2784DC0780}.Release|x64.Build.0 = Release|Any CPU
		{297180FC-DD9D-5ED1-A6C2-6E2784DC0780}.Release|x86.ActiveCfg = Release|Any CPU
		{297180FC-DD9D-5ED1-A6C2-6E2784DC0780}.Release|x86.Build.0 = Release|Any CPU
		{257DBD62-C4DA-5CBB-A9D5-402105C34540}.Debug|Any CPU.ActiveCfg = Debug|Any CPU
		{257DBD62-C4DA-5CBB-A9D5-402105C34540}.Debug|Any CPU.Build.0 = Debug|Any CPU
		{257DBD62-C4DA-5CBB-A9D5-402105C34540}.Debug|x64.ActiveCfg = Debug|Any CPU
		{257DBD62-C4DA-5CBB-A9D5-402105C34540}.Debug|x64.Build.0 = Debug|Any CPU
		{257DBD62-C4DA-5CBB-A9D5-402105C34540}.Debug|x86.ActiveCfg = Debug|Any CPU
		{257DBD62-C4DA-5CBB-A9D5-402105C34540}.Debug|x86.Build.0 = Debug|Any CPU
		{257DBD62-C4DA-5CBB-A9D5-402105C34540}.Release|Any CPU.ActiveCfg = Release|Any CPU
		{257DBD62-C4DA-5CBB-A9D5-402105C34540}.Release|Any CPU.Build.0 = Release|Any CPU
		{257DBD62-C4DA-5CBB-A9D5-402105C34540}.Release|x64.ActiveCfg = Release|Any CPU
		{257DBD62-C4DA-5CBB-A9D5-402105C34540}.Release|x64.Build.0 = Release|Any CPU
		{257DBD62-C4DA-5CBB-A9D5-402105C34540}.Release|x86.ActiveCfg = Release|Any CPU
		{257DBD62-C4DA-5CBB-A9D5-402105C34540}.Release|x86.Build.0 = Release|Any CPU
		{6FA7B63E-629E-50B5-97B6-F8D23EF0BA96}.Debug|Any CPU.ActiveCfg = Debug|Any CPU
		{6FA7B63E-629E-50B5-97B6-F8D23EF0BA96}.Debug|Any CPU.Build.0 = Debug|Any CPU
		{6FA7B63E-629E-50B5-97B6-F8D23EF0BA96}.Debug|x64.ActiveCfg = Debug|Any CPU
		{6FA7B63E-629E-50B5-97B6-F8D23EF0BA96}.Debug|x64.Build.0 = Debug|Any CPU
		{6FA7B63E-629E-50B5-97B6-F8D23EF0BA96}.Debug|x86.ActiveCfg = Debug|Any CPU
		{6FA7B63E-629E-50B5-97B6-F8D23EF0BA96}.Debug|x86.Build.0 = Debug|Any CPU
		{6FA7B63E-629E-50B5-97B6-F8D23EF0BA96}.Release|Any CPU.ActiveCfg = Release|Any CPU
		{6FA7B63E-629E-50B5-97B6-F8D23EF0BA96}.Release|Any CPU.Build.0 = Release|Any CPU
		{6FA7B63E-629E-50B5-97B6-F8D23EF0BA96}.Release|x64.ActiveCfg = Release|Any CPU
		{6FA7B63E-629E-50B5-97B6-F8D23EF0BA96}.Release|x64.Build.0 = Release|Any CPU
		{6FA7B63E-629E-50B5-97B6-F8D23EF0BA96}.Release|x86.ActiveCfg = Release|Any CPU
		{6FA7B63E-629E-50B5-97B6-F8D23EF0BA96}.Release|x86.Build.0 = Release|Any CPU
		{3F049DFD-10ED-5574-AB6C-FC4CC20B5018}.Debug|Any CPU.ActiveCfg = Debug|Any CPU
		{3F049DFD-10ED-5574-AB6C-FC4CC20B5018}.Debug|Any CPU.Build.0 = Debug|Any CPU
		{3F049DFD-10ED-5574-AB6C-FC4CC20B5018}.Debug|x64.ActiveCfg = Debug|Any CPU
		{3F049DFD-10ED-5574-AB6C-FC4CC20B5018}.Debug|x64.Build.0 = Debug|Any CPU
		{3F049DFD-10ED-5574-AB6C-FC4CC20B5018}.Debug|x86.ActiveCfg = Debug|Any CPU
		{3F049DFD-10ED-5574-AB6C-FC4CC20B5018}.Debug|x86.Build.0 = Debug|Any CPU
		{3F049DFD-10ED-5574-AB6C-FC4CC20B5018}.Release|Any CPU.ActiveCfg = Release|Any CPU
		{3F049DFD-10ED-5574-AB6C-FC4CC20B5018}.Release|Any CPU.Build.0 = Release|Any CPU
		{3F049DFD-10ED-5574-AB6C-FC4CC20B5018}.Release|x64.ActiveCfg = Release|Any CPU
		{3F049DFD-10ED-5574-AB6C-FC4CC20B5018}.Release|x64.Build.0 = Release|Any CPU
		{3F049DFD-10ED-5574-AB6C-FC4CC20B5018}.Release|x86.ActiveCfg = Release|Any CPU
		{3F049DFD-10ED-5574-AB6C-FC4CC20B5018}.Release|x86.Build.0 = Release|Any CPU
		{1587E4A9-B988-5365-86CB-797492B0B2E3}.Debug|Any CPU.ActiveCfg = Debug|Any CPU
		{1587E4A9-B988-5365-86CB-797492B0B2E3}.Debug|Any CPU.Build.0 = Debug|Any CPU
		{1587E4A9-B988-5365-86CB-797492B0B2E3}.Debug|x64.ActiveCfg = Debug|Any CPU
		{1587E4A9-B988-5365-86CB-797492B0B2E3}.Debug|x64.Build.0 = Debug|Any CPU
		{1587E4A9-B988-5365-86CB-797492B0B2E3}.Debug|x86.ActiveCfg = Debug|Any CPU
		{1587E4A9-B988-5365-86CB-797492B0B2E3}.Debug|x86.Build.0 = Debug|Any CPU
		{1587E4A9-B988-5365-86CB-797492B0B2E3}.Release|Any CPU.ActiveCfg = Release|Any CPU
		{1587E4A9-B988-5365-86CB-797492B0B2E3}.Release|Any CPU.Build.0 = Release|Any CPU
		{1587E4A9-B988-5365-86CB-797492B0B2E3}.Release|x64.ActiveCfg = Release|Any CPU
		{1587E4A9-B988-5365-86CB-797492B0B2E3}.Release|x64.Build.0 = Release|Any CPU
		{1587E4A9-B988-5365-86CB-797492B0B2E3}.Release|x86.ActiveCfg = Release|Any CPU
		{1587E4A9-B988-5365-86CB-797492B0B2E3}.Release|x86.Build.0 = Release|Any CPU
		{23994A9C-6AFC-5498-91AD-F7FBE1C0FE29}.Debug|Any CPU.ActiveCfg = Debug|Any CPU
		{23994A9C-6AFC-5498-91AD-F7FBE1C0FE29}.Debug|Any CPU.Build.0 = Debug|Any CPU
		{23994A9C-6AFC-5498-91AD-F7FBE1C0FE29}.Debug|x64.ActiveCfg = Debug|Any CPU
		{23994A9C-6AFC-5498-91AD-F7FBE1C0FE29}.Debug|x64.Build.0 = Debug|Any CPU
		{23994A9C-6AFC-5498-91AD-F7FBE1C0FE29}.Debug|x86.ActiveCfg = Debug|Any CPU
		{23994A9C-6AFC-5498-91AD-F7FBE1C0FE29}.Debug|x86.Build.0 = Debug|Any CPU
		{23994A9C-6AFC-5498-91AD-F7FBE1C0FE29}.Release|Any CPU.ActiveCfg = Release|Any CPU
		{23994A9C-6AFC-5498-91AD-F7FBE1C0FE29}.Release|Any CPU.Build.0 = Release|Any CPU
		{23994A9C-6AFC-5498-91AD-F7FBE1C0FE29}.Release|x64.ActiveCfg = Release|Any CPU
		{23994A9C-6AFC-5498-91AD-F7FBE1C0FE29}.Release|x64.Build.0 = Release|Any CPU
		{23994A9C-6AFC-5498-91AD-F7FBE1C0FE29}.Release|x86.ActiveCfg = Release|Any CPU
		{23994A9C-6AFC-5498-91AD-F7FBE1C0FE29}.Release|x86.Build.0 = Release|Any CPU
		{7CBEF6E2-A3B0-5BA9-B637-CCC369F2B48B}.Debug|Any CPU.ActiveCfg = Debug|Any CPU
		{7CBEF6E2-A3B0-5BA9-B637-CCC369F2B48B}.Debug|Any CPU.Build.0 = Debug|Any CPU
		{7CBEF6E2-A3B0-5BA9-B637-CCC369F2B48B}.Debug|x64.ActiveCfg = Debug|Any CPU
		{7CBEF6E2-A3B0-5BA9-B637-CCC369F2B48B}.Debug|x64.Build.0 = Debug|Any CPU
		{7CBEF6E2-A3B0-5BA9-B637-CCC369F2B48B}.Debug|x86.ActiveCfg = Debug|Any CPU
		{7CBEF6E2-A3B0-5BA9-B637-CCC369F2B48B}.Debug|x86.Build.0 = Debug|Any CPU
		{7CBEF6E2-A3B0-5BA9-B637-CCC369F2B48B}.Release|Any CPU.ActiveCfg = Release|Any CPU
		{7CBEF6E2-A3B0-5BA9-B637-CCC369F2B48B}.Release|Any CPU.Build.0 = Release|Any CPU
		{7CBEF6E2-A3B0-5BA9-B637-CCC369F2B48B}.Release|x64.ActiveCfg = Release|Any CPU
		{7CBEF6E2-A3B0-5BA9-B637-CCC369F2B48B}.Release|x64.Build.0 = Release|Any CPU
		{7CBEF6E2-A3B0-5BA9-B637-CCC369F2B48B}.Release|x86.ActiveCfg = Release|Any CPU
		{7CBEF6E2-A3B0-5BA9-B637-CCC369F2B48B}.Release|x86.Build.0 = Release|Any CPU
		{331CF046-2B5D-59DD-8363-D3006345F1A5}.Debug|Any CPU.ActiveCfg = Debug|Any CPU
		{331CF046-2B5D-59DD-8363-D3006345F1A5}.Debug|Any CPU.Build.0 = Debug|Any CPU
		{331CF046-2B5D-59DD-8363-D3006345F1A5}.Debug|x64.ActiveCfg = Debug|Any CPU
		{331CF046-2B5D-59DD-8363-D3006345F1A5}.Debug|x64.Build.0 = Debug|Any CPU
		{331CF046-2B5D-59DD-8363-D3006345F1A5}.Debug|x86.ActiveCfg = Debug|Any CPU
		{331CF046-2B5D-59DD-8363-D3006345F1A5}.Debug|x86.Build.0 = Debug|Any CPU
		{331CF046-2B5D-59DD-8363-D3006345F1A5}.Release|Any CPU.ActiveCfg = Release|Any CPU
		{331CF046-2B5D-59DD-8363-D3006345F1A5}.Release|Any CPU.Build.0 = Release|Any CPU
		{331CF046-2B5D-59DD-8363-D3006345F1A5}.Release|x64.ActiveCfg = Release|Any CPU
		{331CF046-2B5D-59DD-8363-D3006345F1A5}.Release|x64.Build.0 = Release|Any CPU
		{331CF046-2B5D-59DD-8363-D3006345F1A5}.Release|x86.ActiveCfg = Release|Any CPU
		{331CF046-2B5D-59DD-8363-D3006345F1A5}.Release|x86.Build.0 = Release|Any CPU
		{6664246C-6C16-5DFC-8C2E-E3FDE3826FE0}.Debug|Any CPU.ActiveCfg = Debug|Any CPU
		{6664246C-6C16-5DFC-8C2E-E3FDE3826FE0}.Debug|Any CPU.Build.0 = Debug|Any CPU
		{6664246C-6C16-5DFC-8C2E-E3FDE3826FE0}.Debug|x64.ActiveCfg = Debug|Any CPU
		{6664246C-6C16-5DFC-8C2E-E3FDE3826FE0}.Debug|x64.Build.0 = Debug|Any CPU
		{6664246C-6C16-5DFC-8C2E-E3FDE3826FE0}.Debug|x86.ActiveCfg = Debug|Any CPU
		{6664246C-6C16-5DFC-8C2E-E3FDE3826FE0}.Debug|x86.Build.0 = Debug|Any CPU
		{6664246C-6C16-5DFC-8C2E-E3FDE3826FE0}.Release|Any CPU.ActiveCfg = Release|Any CPU
		{6664246C-6C16-5DFC-8C2E-E3FDE3826FE0}.Release|Any CPU.Build.0 = Release|Any CPU
		{6664246C-6C16-5DFC-8C2E-E3FDE3826FE0}.Release|x64.ActiveCfg = Release|Any CPU
		{6664246C-6C16-5DFC-8C2E-E3FDE3826FE0}.Release|x64.Build.0 = Release|Any CPU
		{6664246C-6C16-5DFC-8C2E-E3FDE3826FE0}.Release|x86.ActiveCfg = Release|Any CPU
		{6664246C-6C16-5DFC-8C2E-E3FDE3826FE0}.Release|x86.Build.0 = Release|Any CPU
		{1B0703D7-ADD0-5897-A43C-C4BC7F5D2FB5}.Debug|Any CPU.ActiveCfg = Debug|Any CPU
		{1B0703D7-ADD0-5897-A43C-C4BC7F5D2FB5}.Debug|Any CPU.Build.0 = Debug|Any CPU
		{1B0703D7-ADD0-5897-A43C-C4BC7F5D2FB5}.Debug|x64.ActiveCfg = Debug|Any CPU
		{1B0703D7-ADD0-5897-A43C-C4BC7F5D2FB5}.Debug|x64.Build.0 = Debug|Any CPU
		{1B0703D7-ADD0-5897-A43C-C4BC7F5D2FB5}.Debug|x86.ActiveCfg = Debug|Any CPU
		{1B0703D7-ADD0-5897-A43C-C4BC7F5D2FB5}.Debug|x86.Build.0 = Debug|Any CPU
		{1B0703D7-ADD0-5897-A43C-C4BC7F5D2FB5}.Release|Any CPU.ActiveCfg = Release|Any CPU
		{1B0703D7-ADD0-5897-A43C-C4BC7F5D2FB5}.Release|Any CPU.Build.0 = Release|Any CPU
		{1B0703D7-ADD0-5897-A43C-C4BC7F5D2FB5}.Release|x64.ActiveCfg = Release|Any CPU
		{1B0703D7-ADD0-5897-A43C-C4BC7F5D2FB5}.Release|x64.Build.0 = Release|Any CPU
		{1B0703D7-ADD0-5897-A43C-C4BC7F5D2FB5}.Release|x86.ActiveCfg = Release|Any CPU
		{1B0703D7-ADD0-5897-A43C-C4BC7F5D2FB5}.Release|x86.Build.0 = Release|Any CPU
		{799B7B38-B069-5DA1-B7AE-65F91AA4490D}.Debug|Any CPU.ActiveCfg = Debug|Any CPU
		{799B7B38-B069-5DA1-B7AE-65F91AA4490D}.Debug|Any CPU.Build.0 = Debug|Any CPU
		{799B7B38-B069-5DA1-B7AE-65F91AA4490D}.Debug|x64.ActiveCfg = Debug|Any CPU
		{799B7B38-B069-5DA1-B7AE-65F91AA4490D}.Debug|x64.Build.0 = Debug|Any CPU
		{799B7B38-B069-5DA1-B7AE-65F91AA4490D}.Debug|x86.ActiveCfg = Debug|Any CPU
		{799B7B38-B069-5DA1-B7AE-65F91AA4490D}.Debug|x86.Build.0 = Debug|Any CPU
		{799B7B38-B069-5DA1-B7AE-65F91AA4490D}.Release|Any CPU.ActiveCfg = Release|Any CPU
		{799B7B38-B069-5DA1-B7AE-65F91AA4490D}.Release|Any CPU.Build.0 = Release|Any CPU
		{799B7B38-B069-5DA1-B7AE-65F91AA4490D}.Release|x64.ActiveCfg = Release|Any CPU
		{799B7B38-B069-5DA1-B7AE-65F91AA4490D}.Release|x64.Build.0 = Release|Any CPU
		{799B7B38-B069-5DA1-B7AE-65F91AA4490D}.Release|x86.ActiveCfg = Release|Any CPU
		{799B7B38-B069-5DA1-B7AE-65F91AA4490D}.Release|x86.Build.0 = Release|Any CPU
		{7A244E29-6F9B-535B-967D-FF69A148E10D}.Debug|Any CPU.ActiveCfg = Debug|Any CPU
		{7A244E29-6F9B-535B-967D-FF69A148E10D}.Debug|Any CPU.Build.0 = Debug|Any CPU
		{7A244E29-6F9B-535B-967D-FF69A148E10D}.Debug|x64.ActiveCfg = Debug|Any CPU
		{7A244E29-6F9B-535B-967D-FF69A148E10D}.Debug|x64.Build.0 = Debug|Any CPU
		{7A244E29-6F9B-535B-967D-FF69A148E10D}.Debug|x86.ActiveCfg = Debug|Any CPU
		{7A244E29-6F9B-535B-967D-FF69A148E10D}.Debug|x86.Build.0 = Debug|Any CPU
		{7A244E29-6F9B-535B-967D-FF69A148E10D}.Release|Any CPU.ActiveCfg = Release|Any CPU
		{7A244E29-6F9B-535B-967D-FF69A148E10D}.Release|Any CPU.Build.0 = Release|Any CPU
		{7A244E29-6F9B-535B-967D-FF69A148E10D}.Release|x64.ActiveCfg = Release|Any CPU
		{7A244E29-6F9B-535B-967D-FF69A148E10D}.Release|x64.Build.0 = Release|Any CPU
		{7A244E29-6F9B-535B-967D-FF69A148E10D}.Release|x86.ActiveCfg = Release|Any CPU
		{7A244E29-6F9B-535B-967D-FF69A148E10D}.Release|x86.Build.0 = Release|Any CPU
		{3F1B9E20-7C4A-4D51-9A63-1E5C2B8D4A01}.Debug|Any CPU.ActiveCfg = Debug|Any CPU
		{3F1B9E20-7C4A-4D51-9A63-1E5C2B8D4A01}.Debug|Any CPU.Build.0 = Debug|Any CPU
		{3F1B9E20-7C4A-4D51-9A63-1E5C2B8D4A01}.Debug|x64.ActiveCfg = Debug|Any CPU
		{3F1B9E20-7C4A-4D51-9A63-1E5C2B8D4A01}.Debug|x64.Build.0 = Debug|Any CPU
		{3F1B9E20-7C4A-4D51-9A63-1E5C2B8D4A01}.Debug|x86.ActiveCfg = Debug|Any CPU
		{3F1B9E20-7C4A-4D51-9A63-1E5C2B8D4A01}.Debug|x86.Build.0 = Debug|Any CPU
		{3F1B9E20-7C4A-4D51-9A63-1E5C2B8D4A01}.Release|Any CPU.ActiveCfg = Release|Any CPU
		{3F1B9E20-7C4A-4D51-9A63-1E5C2B8D4A01}.Release|Any CPU.Build.0 = Release|Any CPU
		{3F1B9E20-7C4A-4D51-9A63-1E5C2B8D4A01}.Release|x64.ActiveCfg = Release|Any CPU
		{3F1B9E20-7C4A-4D51-9A63-1E5C2B8D4A01}.Release|x64.Build.0 = Release|Any CPU
		{3F1B9E20-7C4A-4D51-9A63-1E5C2B8D4A01}.Release|x86.ActiveCfg = Release|Any CPU
		{3F1B9E20-7C4A-4D51-9A63-1E5C2B8D4A01}.Release|x86.Build.0 = Release|Any CPU
		{3F1B9E20-7C4A-4D51-9A63-1E5C2B8D4A02}.Debug|Any CPU.ActiveCfg = Debug|Any CPU
		{3F1B9E20-7C4A-4D51-9A63-1E5C2B8D4A02}.Debug|Any CPU.Build.0 = Debug|Any CPU
		{3F1B9E20-7C4A-4D51-9A63-1E5C2B8D4A02}.Debug|x64.ActiveCfg = Debug|Any CPU
		{3F1B9E20-7C4A-4D51-9A63-1E5C2B8D4A02}.Debug|x64.Build.0 = Debug|Any CPU
		{3F1B9E20-7C4A-4D51-9A63-1E5C2B8D4A02}.Debug|x86.ActiveCfg = Debug|Any CPU
		{3F1B9E20-7C4A-4D51-9A63-1E5C2B8D4A02}.Debug|x86.Build.0 = Debug|Any CPU
		{3F1B9E20-7C4A-4D51-9A63-1E5C2B8D4A02}.Release|Any CPU.ActiveCfg = Release|Any CPU
		{3F1B9E20-7C4A-4D51-9A63-1E5C2B8D4A02}.Release|Any CPU.Build.0 = Release|Any CPU
		{3F1B9E20-7C4A-4D51-9A63-1E5C2B8D4A02}.Release|x64.ActiveCfg = Release|Any CPU
		{3F1B9E20-7C4A-4D51-9A63-1E5C2B8D4A02}.Release|x64.Build.0 = Release|Any CPU
		{3F1B9E20-7C4A-4D51-9A63-1E5C2B8D4A02}.Release|x86.ActiveCfg = Release|Any CPU
		{3F1B9E20-7C4A-4D51-9A63-1E5C2B8D4A02}.Release|x86.Build.0 = Release|Any CPU
		{5C1A8D42-9E33-5AB7-B0D1-7F2E4C6A9B02}.Debug|Any CPU.ActiveCfg = Debug|Any CPU
		{5C1A8D42-9E33-5AB7-B0D1-7F2E4C6A9B02}.Debug|Any CPU.Build.0 = Debug|Any CPU
		{5C1A8D42-9E33-5AB7-B0D1-7F2E4C6A9B02}.Debug|x64.ActiveCfg = Debug|Any CPU
		{5C1A8D42-9E33-5AB7-B0D1-7F2E4C6A9B02}.Debug|x64.Build.0 = Debug|Any CPU
		{5C1A8D42-9E33-5AB7-B0D1-7F2E4C6A9B02}.Debug|x86.ActiveCfg = Debug|Any CPU
		{5C1A8D42-9E33-5AB7-B0D1-7F2E4C6A9B02}.Debug|x86.Build.0 = Debug|Any CPU
		{5C1A8D42-9E33-5AB7-B0D1-7F2E4C6A9B02}.Release|Any CPU.ActiveCfg = Release|Any CPU
		{5C1A8D42-9E33-5AB7-B0D1-7F2E4C6A9B02}.Release|Any CPU.Build.0 = Release|Any CPU
		{5C1A8D42-9E33-5AB7-B0D1-7F2E4C6A9B02}.Release|x64.ActiveCfg = Release|Any CPU
		{5C1A8D42-9E33-5AB7-B0D1-7F2E4C6A9B02}.Release|x64.Build.0 = Release|Any CPU
		{5C1A8D42-9E33-5AB7-B0D1-7F2E4C6A9B02}.Release|x86.ActiveCfg = Release|Any CPU
		{5C1A8D42-9E33-5AB7-B0D1-7F2E4C6A9B02}.Release|x86.Build.0 = Release|Any CPU
		{A611876E-59A6-43F4-9C3B-4EE77AA704AC}.Debug|Any CPU.ActiveCfg = Debug|Any CPU
		{A611876E-59A6-43F4-9C3B-4EE77AA704AC}.Debug|Any CPU.Build.0 = Debug|Any CPU
		{A611876E-59A6-43F4-9C3B-4EE77AA704AC}.Debug|x64.ActiveCfg = Debug|Any CPU
		{A611876E-59A6-43F4-9C3B-4EE77AA704AC}.Debug|x64.Build.0 = Debug|Any CPU
		{A611876E-59A6-43F4-9C3B-4EE77AA704AC}.Debug|x86.ActiveCfg = Debug|Any CPU
		{A611876E-59A6-43F4-9C3B-4EE77AA704AC}.Debug|x86.Build.0 = Debug|Any CPU
		{A611876E-59A6-43F4-9C3B-4EE77AA704AC}.Release|Any CPU.ActiveCfg = Release|Any CPU
		{A611876E-59A6-43F4-9C3B-4EE77AA704AC}.Release|Any CPU.Build.0 = Release|Any CPU
		{A611876E-59A6-43F4-9C3B-4EE77AA704AC}.Release|x64.ActiveCfg = Release|Any CPU
		{A611876E-59A6-43F4-9C3B-4EE77AA704AC}.Release|x64.Build.0 = Release|Any CPU
		{A611876E-59A6-43F4-9C3B-4EE77AA704AC}.Release|x86.ActiveCfg = Release|Any CPU
		{A611876E-59A6-43F4-9C3B-4EE77AA704AC}.Release|x86.Build.0 = Release|Any CPU
		{EA06E7A7-24CE-411C-AD00-77F1F67C9B01}.Debug|Any CPU.ActiveCfg = Debug|Any CPU
		{EA06E7A7-24CE-411C-AD00-77F1F67C9B01}.Debug|Any CPU.Build.0 = Debug|Any CPU
		{EA06E7A7-24CE-411C-AD00-77F1F67C9B01}.Debug|x64.ActiveCfg = Debug|Any CPU
		{EA06E7A7-24CE-411C-AD00-77F1F67C9B01}.Debug|x64.Build.0 = Debug|Any CPU
		{EA06E7A7-24CE-411C-AD00-77F1F67C9B01}.Debug|x86.ActiveCfg = Debug|Any CPU
		{EA06E7A7-24CE-411C-AD00-77F1F67C9B01}.Debug|x86.Build.0 = Debug|Any CPU
		{EA06E7A7-24CE-411C-AD00-77F1F67C9B01}.Release|Any CPU.ActiveCfg = Release|Any CPU
		{EA06E7A7-24CE-411C-AD00-77F1F67C9B01}.Release|Any CPU.Build.0 = Release|Any CPU
		{EA06E7A7-24CE-411C-AD00-77F1F67C9B01}.Release|x64.ActiveCfg = Release|Any CPU
		{EA06E7A7-24CE-411C-AD00-77F1F67C9B01}.Release|x64.Build.0 = Release|Any CPU
		{EA06E7A7-24CE-411C-AD00-77F1F67C9B01}.Release|x86.ActiveCfg = Release|Any CPU
		{EA06E7A7-24CE-411C-AD00-77F1F67C9B01}.Release|x86.Build.0 = Release|Any CPU
		{3793D6CB-73D8-4BBE-884F-AF3473FDB04C}.Debug|Any CPU.ActiveCfg = Debug|Any CPU
		{3793D6CB-73D8-4BBE-884F-AF3473FDB04C}.Debug|Any CPU.Build.0 = Debug|Any CPU
		{3793D6CB-73D8-4BBE-884F-AF3473FDB04C}.Debug|x64.ActiveCfg = Debug|Any CPU
		{3793D6CB-73D8-4BBE-884F-AF3473FDB04C}.Debug|x64.Build.0 = Debug|Any CPU
		{3793D6CB-73D8-4BBE-884F-AF3473FDB04C}.Debug|x86.ActiveCfg = Debug|Any CPU
		{3793D6CB-73D8-4BBE-884F-AF3473FDB04C}.Debug|x86.Build.0 = Debug|Any CPU
		{3793D6CB-73D8-4BBE-884F-AF3473FDB04C}.Release|Any CPU.ActiveCfg = Release|Any CPU
		{3793D6CB-73D8-4BBE-884F-AF3473FDB04C}.Release|Any CPU.Build.0 = Release|Any CPU
		{3793D6CB-73D8-4BBE-884F-AF3473FDB04C}.Release|x64.ActiveCfg = Release|Any CPU
		{3793D6CB-73D8-4BBE-884F-AF3473FDB04C}.Release|x64.Build.0 = Release|Any CPU
		{3793D6CB-73D8-4BBE-884F-AF3473FDB04C}.Release|x86.ActiveCfg = Release|Any CPU
		{3793D6CB-73D8-4BBE-884F-AF3473FDB04C}.Release|x86.Build.0 = Release|Any CPU
	EndGlobalSection
	GlobalSection(SolutionProperties) = preSolution
		HideSolutionNode = FALSE
	EndGlobalSection
	GlobalSection(NestedProjects) = preSolution
		{ED9484BA-3B04-5EF1-B3F7-B9DAFFB3FF2C} = {AD155F54-BBA9-5E0C-A34F-F368D5073ABB}
		{9B2DF8B3-EEA6-5DF1-B51E-18CE52004661} = {9B0A6EE0-1CC0-55BA-90C2-D44050A66B06}
		{8AA48A84-A417-5F59-9C1F-94047570E88E} = {9B0A6EE0-1CC0-55BA-90C2-D44050A66B06}
		{96C529FF-9154-5501-9EBD-2C6BCE79697C} = {9B0A6EE0-1CC0-55BA-90C2-D44050A66B06}
		{FE33B8C5-05CA-5F95-B1ED-4B6644086AE2} = {B41859E3-D631-5E1A-82F3-07C7FF5B0276}
		{27CC46F7-92C4-5C48-A293-F803964F4403} = {B41859E3-D631-5E1A-82F3-07C7FF5B0276}
		{D47691C4-EC2C-5DFB-8800-121DE9BEDE0B} = {B41859E3-D631-5E1A-82F3-07C7FF5B0276}
		{17D9AB6D-7E5F-5F91-A23C-3896ED8DFC8A} = {945EC926-2C9F-56EB-A249-1094C6FBADD3}
		{B6B16E5B-6924-58F9-9859-3CB1A4580405} = {945EC926-2C9F-56EB-A249-1094C6FBADD3}
		{4E6EB07D-C445-5BAD-81BB-1951B05266AC} = {945EC926-2C9F-56EB-A249-1094C6FBADD3}
		{0BB908E2-CE02-56A5-929F-3EA5C5220A47} = {7E24E985-58C6-5020-8445-9AFB88C28841}
		{79323730-7C0A-5179-8594-A4245C3FDB04} = {7E24E985-58C6-5020-8445-9AFB88C28841}
		{D3D827C2-DB98-5FD0-B38D-259426AA0EE5} = {7E24E985-58C6-5020-8445-9AFB88C28841}
		{7E1E4C5E-9E37-58AC-AB10-39E4799A04C4} = {B88DC64C-B62C-5033-913B-798E038B8FF0}
		{297180FC-DD9D-5ED1-A6C2-6E2784DC0780} = {B88DC64C-B62C-5033-913B-798E038B8FF0}
		{257DBD62-C4DA-5CBB-A9D5-402105C34540} = {B88DC64C-B62C-5033-913B-798E038B8FF0}
		{6FA7B63E-629E-50B5-97B6-F8D23EF0BA96} = {7CA37504-2860-5456-82CC-DA01CD369072}
		{3F049DFD-10ED-5574-AB6C-FC4CC20B5018} = {7CA37504-2860-5456-82CC-DA01CD369072}
		{1587E4A9-B988-5365-86CB-797492B0B2E3} = {7CA37504-2860-5456-82CC-DA01CD369072}
		{23994A9C-6AFC-5498-91AD-F7FBE1C0FE29} = {E006E63A-52AE-5402-9286-ECECC33148B1}
		{7CBEF6E2-A3B0-5BA9-B637-CCC369F2B48B} = {E006E63A-52AE-5402-9286-ECECC33148B1}
		{331CF046-2B5D-59DD-8363-D3006345F1A5} = {E006E63A-52AE-5402-9286-ECECC33148B1}
		{6664246C-6C16-5DFC-8C2E-E3FDE3826FE0} = {461965E9-D4A8-561F-A1C8-FE6C854E87EF}
		{1B0703D7-ADD0-5897-A43C-C4BC7F5D2FB5} = {461965E9-D4A8-561F-A1C8-FE6C854E87EF}
		{799B7B38-B069-5DA1-B7AE-65F91AA4490D} = {461965E9-D4A8-561F-A1C8-FE6C854E87EF}
		{9B0A6EE0-1CC0-55BA-90C2-D44050A66B06} = {26B7A075-AD2D-5C62-A5B1-FC519E9BEFC9}
		{B41859E3-D631-5E1A-82F3-07C7FF5B0276} = {26B7A075-AD2D-5C62-A5B1-FC519E9BEFC9}
		{945EC926-2C9F-56EB-A249-1094C6FBADD3} = {26B7A075-AD2D-5C62-A5B1-FC519E9BEFC9}
		{7E24E985-58C6-5020-8445-9AFB88C28841} = {26B7A075-AD2D-5C62-A5B1-FC519E9BEFC9}
		{B88DC64C-B62C-5033-913B-798E038B8FF0} = {26B7A075-AD2D-5C62-A5B1-FC519E9BEFC9}
		{7CA37504-2860-5456-82CC-DA01CD369072} = {26B7A075-AD2D-5C62-A5B1-FC519E9BEFC9}
		{E006E63A-52AE-5402-9286-ECECC33148B1} = {26B7A075-AD2D-5C62-A5B1-FC519E9BEFC9}
		{5C1A8D42-9E33-5AB7-B0D1-7F2E4C6A9B02} = {5C1A8D42-9E33-5AB7-B0D1-7F2E4C6A9B01}
		{A611876E-59A6-43F4-9C3B-4EE77AA704AC} = {5C1A8D42-9E33-5AB7-B0D1-7F2E4C6A9B01}
		{EA06E7A7-24CE-411C-AD00-77F1F67C9B01} = {5C1A8D42-9E33-5AB7-B0D1-7F2E4C6A9B01}
		{3793D6CB-73D8-4BBE-884F-AF3473FDB04C} = {5C1A8D42-9E33-5AB7-B0D1-7F2E4C6A9B01}
	EndGlobalSection
EndGlobal
